# @generated - this file is auto-generated by `mise lock` https://mise.jdx.dev/dev-tools/mise-lock.html

[[tools."github:axodotdev/cargo-dist"]]
version = "0.31.0"
backend = "github:axodotdev/cargo-dist"

[tools."github:axodotdev/cargo-dist"."platforms.linux-arm64"]
checksum = "sha256:382cc29ff91ef12a5bf78ad8ee1804661d24e2fbe64b1bdedd6078723b677ae5"
url = "https://github.com/axodotdev/cargo-dist/releases/download/v0.31.0/cargo-dist-aarch64-unknown-linux-gnu.tar.xz"
url_api = "https://api.github.com/repos/axodotdev/cargo-dist/releases/assets/360963381"
provenance = "github-attestations"

[tools."github:axodotdev/cargo-dist"."platforms.linux-arm64-musl"]
checksum = "sha256:2ce8104f4e10cbcb4b46eb892dd17b84237d8477f2de7aa024ce5a897447a489"
url = "https://github.com/axodotdev/cargo-dist/releases/download/v0.31.0/cargo-dist-aarch64-unknown-linux-musl.tar.xz"
url_api = "https://api.github.com/repos/axodotdev/cargo-dist/releases/assets/360963380"
provenance = "github-attestations"

[tools."github:axodotdev/cargo-dist"."platforms.linux-x64"]
checksum = "sha256:cd355dab0b4c02fb59038fef87655550021d07f45f1d82f947a34ef98560abb8"
url = "https://github.com/axodotdev/cargo-dist/releases/download/v0.31.0/cargo-dist-x86_64-unknown-linux-gnu.tar.xz"
url_api = "https://api.github.com/repos/axodotdev/cargo-dist/releases/assets/360963397"
provenance = "github-attestations"

[tools."github:axodotdev/cargo-dist"."platforms.linux-x64-musl"]
checksum = "sha256:1d46b93a785e8b666c0e7add581d747d53c3f29589cc3ef9aee60341ad899023"
url = "https://github.com/axodotdev/cargo-dist/releases/download/v0.31.0/cargo-dist-x86_64-unknown-linux-musl.tar.xz"
url_api = "https://api.github.com/repos/axodotdev/cargo-dist/releases/assets/360963400"
provenance = "github-attestations"

[tools."github:axodotdev/cargo-dist"."platforms.macos-arm64"]
checksum = "sha256:decb01c64c12501931c3cac3111b368a7f48adf8d9e65455c08e5757b9a1fd6f"
url = "https://github.com/axodotdev/cargo-dist/releases/download/v0.31.0/cargo-dist-aarch64-apple-darwin.tar.xz"
url_api = "https://api.github.com/repos/axodotdev/cargo-dist/releases/assets/360963377"
provenance = "github-attestations"

[tools."github:axodotdev/cargo-dist"."platforms.macos-x64"]
checksum = "sha256:fd4d8f9f07802359cbcdc52bac3abd7d5201c4b73a7cbcdd6faca2232a389f0c"
url = "https://github.com/axodotdev/cargo-dist/releases/download/v0.31.0/cargo-dist-x86_64-apple-darwin.tar.xz"
url_api = "https://api.github.com/repos/axodotdev/cargo-dist/releases/assets/360963393"
provenance = "github-attestations"

[tools."github:axodotdev/cargo-dist"."platforms.windows-x64"]
checksum = "sha256:a14e17557b269b101405e0cc6b647581d56313c954a51c7fddd423bba21e17b2"
url = "https://github.com/axodotdev/cargo-dist/releases/download/v0.31.0/cargo-dist-x86_64-pc-windows-msvc.zip"
url_api = "https://api.github.com/repos/axodotdev/cargo-dist/releases/assets/360963394"
provenance = "github-attestations"

[[tools.rust]]
version = "1.93.1"
backend = "core:rust"
